{
  "nodes": {
    "flake-utils": {
      "locked": {
        "lastModified": 1649676176,
        "narHash": "sha256-OWKJratjt2RW151VUlJPRALb7OU2S5s+f0vLj4o1bHM=",
        "owner": "numtide",
        "repo": "flake-utils",
        "rev": "a4b154ebbdc88c8498a5c7b01589addc9e9cb678",
        "type": "github"
      },
      "original": {
        "owner": "numtide",
        "repo": "flake-utils",
        "type": "github"
      }
    },
    "mach-nix": {
      "inputs": {
        "flake-utils": [
          "flake-utils"
        ],
        "nixpkgs": [
          "nixpkgs"
        ],
        "pypi-deps-db": [
          "pypi-deps-db"
        ]
      },
      "locked": {
        "lastModified": 1643953409,
        "narHash": "sha256-CJDg/RpZdUVyI3QIAXUqIoYDl7VkxFtNE4JWih0ucKc=",
        "owner": "DavHau",
        "repo": "mach-nix",
        "rev": "fe5255e6fd8df57e9507b7af82fc59dda9e9ff2b",
        "type": "github"
      },
      "original": {
        "id": "mach-nix",
        "ref": "3.4.0",
        "type": "indirect"
      }
    },
    "nixpkgs": {
      "locked": {
        "lastModified": 1651369430,
        "narHash": "sha256-d86uUm0s11exU9zLo2K1AwtJQJDKubFpoF0Iw767uT4=",
        "owner": "NixOS",
        "repo": "nixpkgs",
        "rev": "b283b64580d1872333a99af2b4cef91bb84580cf",
        "type": "github"
      },
      "original": {
        "owner": "NixOS",
        "ref": "nixpkgs-unstable",
        "repo": "nixpkgs",
        "type": "github"
      }
    },
    "pypi-deps-db": {
      "flake": false,
      "locked": {
        "lastModified": 1651478726,
        "narHash": "sha256-1keY+UBBXy1lBgwJYyvz6O4qNw4dqLIewxnichY8YNk=",
        "owner": "DavHau",
        "repo": "pypi-deps-db",
        "rev": "e139457b85331bd199d3ef2eeaa9ce76f7a26f6a",
        "type": "github"
      },
      "original": {
        "owner": "DavHau",
        "repo": "pypi-deps-db",
        "type": "github"
      }
    },
    "root": {
      "inputs": {
        "flake-utils": "flake-utils",
        "mach-nix": "mach-nix",
        "nixpkgs": "nixpkgs",
        "pypi-deps-db": "pypi-deps-db"
      }
    }
  },
  "root": "root",
  "version": 7
}
